
Microsoft Visual Studio Solution File, Format Version 12.00
# Visual Studio Version 17
VisualStudioVersion = 17.13.35828.75 d17.13
MinimumVisualStudioVersion = 10.0.40219.1
Project("{FAE04EC0-301F-11D3-BF4B-00C04F79EFBC}") = "PruebaKonecta.API", "PruebaKonecta\PruebaKonecta.API.csproj", "{005A8FFB-234F-43D0-8D6E-E414098EEB45}"
EndProject
Project("{FAE04EC0-301F-11D3-BF4B-00C04F79EFBC}") = "PruebaKonecta.Data", "PruebaKonecta.Data\PruebaKonecta.Data.csproj", "{5B65B181-00D6-4F95-996A-D6D53CCB723B}"
EndProject
Project("{FAE04EC0-301F-11D3-BF4B-00C04F79EFBC}") = "PruebaKonecta.Core", "PruebaKonecta.Core\PruebaKonecta.Core.csproj", "{BF6AD945-A80D-4FD9-B31A-39622D4C18A3}"
EndProject
Project("{FAE04EC0-301F-11D3-BF4B-00C04F79EFBC}") = "PruebaKonecta.Web", "PruebaKonecta.Web\PruebaKonecta.Web.csproj", "{8DAEDBFC-DD63-42BE-A215-05A42F1A5A52}"
EndProject
Global
	GlobalSection(SolutionConfigurationPlatforms) = preSolution
		Debug|Any CPU = Debug|Any CPU
		Release|Any CPU = Release|Any CPU
	EndGlobalSection
	GlobalSection(ProjectConfigurationPlatforms) = postSolution
		{005A8FFB-234F-43D0-8D6E-E414098EEB45}.Debug|Any CPU.ActiveCfg = Debug|Any CPU
		{005A8FFB-234F-43D0-8D6E-E414098EEB45}.Debug|Any CPU.Build.0 = Debug|Any CPU
		{005A8FFB-234F-43D0-8D6E-E414098EEB45}.Release|Any CPU.ActiveCfg = Release|Any CPU
		{005A8FFB-234F-43D0-8D6E-E414098EEB45}.Release|Any CPU.Build.0 = Release|Any CPU
		{5B65B181-00D6-4F95-996A-D6D53CCB723B}.Debug|Any CPU.ActiveCfg = Debug|Any CPU
		{5B65B181-00D6-4F95-996A-D6D53CCB723B}.Debug|Any CPU.Build.0 = Debug|Any CPU
		{5B65B181-00D6-4F95-996A-D6D53CCB723B}.Release|Any CPU.ActiveCfg = Release|Any CPU
		{5B65B181-00D6-4F95-996A-D6D53CCB723B}.Release|Any CPU.Build.0 = Release|Any CPU
		{BF6AD945-A80D-4FD9-B31A-39622D4C18A3}.Debug|Any CPU.ActiveCfg = Debug|Any CPU
		{BF6AD945-A80D-4FD9-B31A-39622D4C18A3}.Debug|Any CPU.Build.0 = Debug|Any CPU
		{BF6AD945-A80D-4FD9-B31A-39622D4C18A3}.Release|Any CPU.ActiveCfg = Release|Any CPU
		{BF6AD945-A80D-4FD9-B31A-39622D4C18A3}.Release|Any CPU.Build.0 = Release|Any CPU
		{8DAEDBFC-DD63-42BE-A215-05A42F1A5A52}.Debug|Any CPU.ActiveCfg = Debug|Any CPU
		{8DAEDBFC-DD63-42BE-A215-05A42F1A5A52}.Debug|Any CPU.Build.0 = Debug|Any CPU
		{8DAEDBFC-DD63-42BE-A215-05A42F1A5A52}.Release|Any CPU.ActiveCfg = Release|Any CPU
		{8DAEDBFC-DD63-42BE-A215-05A42F1A5A52}.Release|Any CPU.Build.0 = Release|Any CPU
	EndGlobalSection
	GlobalSection(SolutionProperties) = preSolution
		HideSolutionNode = FALSE
	EndGlobalSection
	GlobalSection(ExtensibilityGlobals) = postSolution
		SolutionGuid = {CF59B43E-6ACF-4F59-B36A-7A456C33F437}
	EndGlobalSection
EndGlobal
